github.com/viamAhmadi/gReceiver2 v0.0.0-20210213070936-4a098d1f847c h1:BsoTccLB3K5aUFZC5cRef6By+tgd1BIthM3HS3fnmrM=
github.com/viamAhmadi/gReceiver2 v0.0.0-20210213070936-4a098d1f847c/go.mod h1:S/lHUWMopPT57nrok6JRbASJv8PIqHi7BuJgLY7yjTE=
github.com/viamAhmadi/gReceiver2 v0.0.0-20210213084911-a713c9b7bfec h1:xX5YP2wdKgPiMs65q+OcCxvddk2kaX+hfwKvfjOwBxM=
github.com/viamAhmadi/gReceiver2 v0.0.0-20210213084911-a713c9b7bfec/go.mod h1:S/lHUWMopPT57nrok6JRbASJv8PIqHi7BuJgLY7yjTE=
github.com/viamAhmadi/graphBroker v0.0.0-20210212163144-4f135557665a/go.mod h1:zuh+01rnu3QeVbqdcpIgoUlaLtp4SRd4uavA3kSxmcI=
github.com/zeromq/goczmq v4.1.0+incompatible h1:cGVQaU6kIwwrGso0Pgbl84tzAz/h7FJ3wYQjSonjFFc=
github.com/zeromq/goczmq v4.1.0+incompatible/go.mod h1:1uZybAJoSRCvZMH2rZxEwWBSmC4T7CB/xQOfChwPEzg=
